
Microsoft Visual Studio Solution File, Format Version 12.00
# Visual Studio Version 17
VisualStudioVersion = 17.3.32929.385
MinimumVisualStudioVersion = 10.0.40219.1
Project("{FAE04EC0-301F-11D3-BF4B-00C04F79EFBC}") = "LexNetGame.ConsoleGame", "LexNetGame.ConsoleGame\LexNetGame.ConsoleGame.csproj", "{663F0476-A2D5-4744-8F84-98E5D2C59F65}"
EndProject
Global
	GlobalSection(SolutionConfigurationPlatforms) = preSolution
		Debug|Any CPU = Debug|Any CPU
		Release|Any CPU = Release|Any CPU
	EndGlobalSection
	GlobalSection(ProjectConfigurationPlatforms) = postSolution
		{663F0476-A2D5-4744-8F84-98E5D2C59F65}.Debug|Any CPU.ActiveCfg = Debug|Any CPU
		{663F0476-A2D5-4744-8F84-98E5D2C59F65}.Debug|Any CPU.Build.0 = Debug|Any CPU
		{663F0476-A2D5-4744-8F84-98E5D2C59F65}.Release|Any CPU.ActiveCfg = Release|Any CPU
		{663F0476-A2D5-4744-8F84-98E5D2C59F65}.Release|Any CPU.Build.0 = Release|Any CPU
	EndGlobalSection
	GlobalSection(SolutionProperties) = preSolution
		HideSolutionNode = FALSE
	EndGlobalSection
	GlobalSection(ExtensibilityGlobals) = postSolution
		SolutionGuid = {D6F186DC-D5EF-46FF-93C0-246CDA7CE560}
	EndGlobalSection
EndGlobal
